
Microsoft Visual Studio Solution File, Format Version 12.00
# Visual Studio Version 16
VisualStudioVersion = 16.0.31321.278
MinimumVisualStudioVersion = 10.0.40219.1
Project("{8BC9CEB8-8B4A-11D0-8D11-00A0C91BC942}") = "wine_box", "wine_box\wine_box.vcxproj", "{ED5B1D16-CA24-4F83-A3BB-E154D5F1CBFC}"
EndProject
Global
	GlobalSection(SolutionConfigurationPlatforms) = preSolution
		Debug|x64 = Debug|x64
		Debug|x86 = Debug|x86
		Release|x64 = Release|x64
		Release|x86 = Release|x86
	EndGlobalSection
	GlobalSection(ProjectConfigurationPlatforms) = postSolution
		{ED5B1D16-CA24-4F83-A3BB-E154D5F1CBFC}.Debug|x64.ActiveCfg = Debug|x64
		{ED5B1D16-CA24-4F83-A3BB-E154D5F1CBFC}.Debug|x64.Build.0 = Debug|x64
		{ED5B1D16-CA24-4F83-A3BB-E154D5F1CBFC}.Debug|x86.ActiveCfg = Debug|Win32
		{ED5B1D16-CA24-4F83-A3BB-E154D5F1CBFC}.Debug|x86.Build.0 = Debug|Win32
		{ED5B1D16-CA24-4F83-A3BB-E154D5F1CBFC}.Release|x64.ActiveCfg = Release|x64
		{ED5B1D16-CA24-4F83-A3BB-E154D5F1CBFC}.Release|x64.Build.0 = Release|x64
		{ED5B1D16-CA24-4F83-A3BB-E154D5F1CBFC}.Release|x86.ActiveCfg = Release|Win32
		{ED5B1D16-CA24-4F83-A3BB-E154D5F1CBFC}.Release|x86.Build.0 = Release|Win32
	EndGlobalSection
	GlobalSection(SolutionProperties) = preSolution
		HideSolutionNode = FALSE
	EndGlobalSection
	GlobalSection(ExtensibilityGlobals) = postSolution
		SolutionGuid = {4C14E7B7-30FF-4D4F-87CF-FB6C69F851A5}
	EndGlobalSection
EndGlobal
