
Microsoft Visual Studio Solution File, Format Version 12.00
# Visual Studio Version 16
VisualStudioVersion = 16.0.31321.278
MinimumVisualStudioVersion = 10.0.40219.1
Project("{8BC9CEB8-8B4A-11D0-8D11-00A0C91BC942}") = "wine", "wine\wine.vcxproj", "{D361C06D-1165-4B82-B10A-680727817BF5}"
EndProject
Global
	GlobalSection(SolutionConfigurationPlatforms) = preSolution
		Debug|x64 = Debug|x64
		Debug|x86 = Debug|x86
		Release|x64 = Release|x64
		Release|x86 = Release|x86
	EndGlobalSection
	GlobalSection(ProjectConfigurationPlatforms) = postSolution
		{D361C06D-1165-4B82-B10A-680727817BF5}.Debug|x64.ActiveCfg = Debug|x64
		{D361C06D-1165-4B82-B10A-680727817BF5}.Debug|x64.Build.0 = Debug|x64
		{D361C06D-1165-4B82-B10A-680727817BF5}.Debug|x86.ActiveCfg = Debug|Win32
		{D361C06D-1165-4B82-B10A-680727817BF5}.Debug|x86.Build.0 = Debug|Win32
		{D361C06D-1165-4B82-B10A-680727817BF5}.Release|x64.ActiveCfg = Release|x64
		{D361C06D-1165-4B82-B10A-680727817BF5}.Release|x64.Build.0 = Release|x64
		{D361C06D-1165-4B82-B10A-680727817BF5}.Release|x86.ActiveCfg = Release|Win32
		{D361C06D-1165-4B82-B10A-680727817BF5}.Release|x86.Build.0 = Release|Win32
	EndGlobalSection
	GlobalSection(SolutionProperties) = preSolution
		HideSolutionNode = FALSE
	EndGlobalSection
	GlobalSection(ExtensibilityGlobals) = postSolution
		SolutionGuid = {1E192F4E-5469-46C0-BD34-05F17467721B}
	EndGlobalSection
EndGlobal
