
Microsoft Visual Studio Solution File, Format Version 12.00
# Visual Studio Version 16
VisualStudioVersion = 16.0.31321.278
MinimumVisualStudioVersion = 10.0.40219.1
Project("{8BC9CEB8-8B4A-11D0-8D11-00A0C91BC942}") = "stkoptr1", "stkoptr1\stkoptr1.vcxproj", "{90BCDE8B-D527-4F27-A8AA-EF8C07904F41}"
EndProject
Global
	GlobalSection(SolutionConfigurationPlatforms) = preSolution
		Debug|x64 = Debug|x64
		Debug|x86 = Debug|x86
		Release|x64 = Release|x64
		Release|x86 = Release|x86
	EndGlobalSection
	GlobalSection(ProjectConfigurationPlatforms) = postSolution
		{90BCDE8B-D527-4F27-A8AA-EF8C07904F41}.Debug|x64.ActiveCfg = Debug|x64
		{90BCDE8B-D527-4F27-A8AA-EF8C07904F41}.Debug|x64.Build.0 = Debug|x64
		{90BCDE8B-D527-4F27-A8AA-EF8C07904F41}.Debug|x86.ActiveCfg = Debug|Win32
		{90BCDE8B-D527-4F27-A8AA-EF8C07904F41}.Debug|x86.Build.0 = Debug|Win32
		{90BCDE8B-D527-4F27-A8AA-EF8C07904F41}.Release|x64.ActiveCfg = Release|x64
		{90BCDE8B-D527-4F27-A8AA-EF8C07904F41}.Release|x64.Build.0 = Release|x64
		{90BCDE8B-D527-4F27-A8AA-EF8C07904F41}.Release|x86.ActiveCfg = Release|Win32
		{90BCDE8B-D527-4F27-A8AA-EF8C07904F41}.Release|x86.Build.0 = Release|Win32
	EndGlobalSection
	GlobalSection(SolutionProperties) = preSolution
		HideSolutionNode = FALSE
	EndGlobalSection
	GlobalSection(ExtensibilityGlobals) = postSolution
		SolutionGuid = {2CFF584A-4891-44F5-9245-FF66FC8B7789}
	EndGlobalSection
EndGlobal
